{
  "nodes": {
    "advent-of-code": {
      "inputs": {
        "bluenix": [
          "bluenix"
        ],
        "flake-utils": [
          "bluenix",
          "flake-utils"
        ],
        "nixpkgs": [
          "bluenix",
          "nixpkgs"
        ]
      },
      "locked": {
        "lastModified": 1711469151,
        "narHash": "sha256-t3UKytF2ZpzFn3KNx60KOkST1woqS2x/wtyRJcYOoes=",
        "ref": "refs/heads/master",
        "rev": "de742616248dcfbeb1e40c2390a3d3027ef8ae8b",
        "revCount": 67,
        "type": "git",
        "url": "http://mathijs@git.lan/advent-of-code"
      },
      "original": {
        "type": "git",
        "url": "http://mathijs@git.lan/advent-of-code"
      }
    },
    "bluenix": {
      "inputs": {
        "advent-of-code": "advent-of-code",
        "bluenix-secrets": "bluenix-secrets",
        "blueprint-parser": "blueprint-parser",
        "flake-utils": [
          "flake-utils"
        ],
        "git-svc": "git-svc",
        "nixos-wsl": "nixos-wsl",
        "nixpkgs": [
          "nixpkgs"
        ],
        "pgp2neo": "pgp2neo",
        "plfa": "plfa",
        "rust-overlay": "rust-overlay",
        "rust-wasi-tutorial": "rust-wasi-tutorial",
        "shelly-playground": "shelly-playground",
        "singletons-playground": "singletons-playground",
        "thinking-with-types": "thinking-with-types"
      },
      "locked": {
        "lastModified": 1732270713,
        "narHash": "sha256-RgdYIe64UlJYModeuw8Sdd9hItrlPFSIvSX1r4WWbRw=",
        "ref": "refs/heads/master",
        "rev": "3941f0264464ddf06c20c39cb6e5df418b09604c",
        "revCount": 714,
        "type": "git",
        "url": "http://mathijs@git.lan/bluenix"
      },
      "original": {
        "type": "git",
        "url": "http://mathijs@git.lan/bluenix"
      }
    },
    "bluenix-secrets": {
      "inputs": {
        "bluenix": [
          "bluenix"
        ],
        "flake-utils": [
          "bluenix",
          "flake-utils"
        ],
        "nixpkgs": [
          "bluenix",
          "nixpkgs"
        ]
      },
      "locked": {
        "lastModified": 1671400782,
        "narHash": "sha256-Gxcy8tNlbF9CPRvEnPglXMwFKyT9r0KcKGKPcGFKKqs=",
        "ref": "refs/heads/master",
        "rev": "3f8fc0720b851c5d7a6b1085f89dd1eed9f062dc",
        "revCount": 12,
        "type": "git",
        "url": "http://mathijs@git.lan/bluenix-secrets"
      },
      "original": {
        "type": "git",
        "url": "http://mathijs@git.lan/bluenix-secrets"
      }
    },
    "blueprint-parser": {
      "inputs": {
        "bluenix": [
          "bluenix"
        ],
        "flake-utils": [
          "bluenix",
          "flake-utils"
        ],
        "nixpkgs": [
          "bluenix",
          "nixpkgs"
        ]
      },
      "locked": {
        "lastModified": 1711571962,
        "narHash": "sha256-m5teVZvAl5aNXCXGqoJhKZ/EOHVzRzKRuQxh/mqRgxs=",
        "ref": "refs/heads/master",
        "rev": "cb786dc0f0e99b79988756680c6aba498de992c0",
        "revCount": 17,
        "type": "git",
        "url": "http://mathijs@git.lan/blueprint-parser"
      },
      "original": {
        "type": "git",
        "url": "http://mathijs@git.lan/blueprint-parser"
      }
    },
    "flake-compat": {
      "flake": false,
      "locked": {
        "lastModified": 1696426674,
        "narHash": "sha256-kvjfFW7WAETZlt09AgDn1MrtKzP7t90Vf7vypd3OL1U=",
        "owner": "edolstra",
        "repo": "flake-compat",
        "rev": "0f9255e01c2351cc7d116c072cb317785dd33b33",
        "type": "github"
      },
      "original": {
        "owner": "edolstra",
        "repo": "flake-compat",
        "type": "github"
      }
    },
    "flake-utils": {
      "inputs": {
        "systems": "systems"
      },
      "locked": {
        "lastModified": 1731533236,
        "narHash": "sha256-l0KFg5HjrsfsO/JpG+r7fRrqm12kzFHyUHqHCVpMMbI=",
        "owner": "numtide",
        "repo": "flake-utils",
        "rev": "11707dc2f618dd54ca8739b309ec4fc024de578b",
        "type": "github"
      },
      "original": {
        "owner": "numtide",
        "repo": "flake-utils",
        "type": "github"
      }
    },
    "git-svc": {
      "inputs": {
        "nixpkgs": [
          "bluenix",
          "nixpkgs"
        ]
      },
      "locked": {
        "lastModified": 1725535065,
        "narHash": "sha256-RM0F1stKwtOFzxx3yhY9zPzRFVYteN9k79TWdqatTXQ=",
        "ref": "refs/heads/master",
        "rev": "dabcc7013cf00e84af377a8ac804b9e54485d0da",
        "revCount": 34,
        "type": "git",
        "url": "http://mathijs@git.lan/git-svc"
      },
      "original": {
        "type": "git",
        "url": "http://mathijs@git.lan/git-svc"
      }
    },
    "nixos-wsl": {
      "inputs": {
        "flake-compat": "flake-compat",
        "flake-utils": [
          "bluenix",
          "flake-utils"
        ],
        "nixpkgs": [
          "bluenix",
          "nixpkgs"
        ]
      },
      "locked": {
        "lastModified": 1731682434,
        "narHash": "sha256-HnZFPB7akVIy0KuPq/tEkiB+Brt1qi0DUIDzR8z25qI=",
        "owner": "nix-community",
        "repo": "NixOS-WSL",
        "rev": "a6b9cf0b7805e2c50829020a73e7bde683fd36dd",
        "type": "github"
      },
      "original": {
        "owner": "nix-community",
        "repo": "NixOS-WSL",
        "type": "github"
      }
    },
    "nixpkgs": {
      "locked": {
        "lastModified": 1733581040,
        "narHash": "sha256-Qn3nPMSopRQJgmvHzVqPcE3I03zJyl8cSbgnnltfFDY=",
        "owner": "NixOS",
        "repo": "nixpkgs",
        "rev": "22c3f2cf41a0e70184334a958e6b124fb0ce3e01",
        "type": "github"
      },
      "original": {
        "owner": "NixOS",
        "ref": "nixos-unstable",
        "repo": "nixpkgs",
        "type": "github"
      }
    },
    "pgp2neo": {
      "inputs": {
        "bluenix": [
          "bluenix"
        ],
        "flake-utils": [
          "bluenix",
          "flake-utils"
        ],
        "nixpkgs": [
          "bluenix",
          "nixpkgs"
        ],
        "rust-overlay": [
          "bluenix",
          "rust-overlay"
        ]
      },
      "locked": {
        "lastModified": 1727103416,
        "narHash": "sha256-1fynBRKCRy3290u0mj/t0XSILlJuyx5LL9+7reoEIso=",
        "ref": "refs/heads/master",
        "rev": "24989bbfd383852430bc06328324ed001e6c723f",
        "revCount": 14,
        "type": "git",
        "url": "http://mathijs@git.lan/pgp2neo"
      },
      "original": {
        "type": "git",
        "url": "http://mathijs@git.lan/pgp2neo"
      }
    },
    "plfa": {
      "inputs": {
        "bluenix": [
          "bluenix"
        ],
        "flake-utils": [
          "bluenix",
          "flake-utils"
        ],
        "nixpkgs": [
          "bluenix",
          "nixpkgs"
        ]
      },
      "locked": {
        "lastModified": 1712510172,
        "narHash": "sha256-6u2WjfMOzwJi+Prkh46b7tcq7WAJ/ZqK0/KvltVREiI=",
        "ref": "refs/heads/master",
        "rev": "2f80fb5dd88a2c3690225514ac51f6b7409ef04e",
        "revCount": 28,
        "type": "git",
        "url": "http://mathijs@git.lan/plfa"
      },
      "original": {
        "type": "git",
        "url": "http://mathijs@git.lan/plfa"
      }
    },
    "root": {
      "inputs": {
        "bluenix": "bluenix",
        "flake-utils": "flake-utils",
        "nixpkgs": "nixpkgs"
      }
    },
    "rust-overlay": {
      "inputs": {
        "nixpkgs": [
          "bluenix",
          "nixpkgs"
        ]
      },
      "locked": {
        "lastModified": 1732242723,
        "narHash": "sha256-NWI8csIK0ujFlFuEXKnoc+7hWoCiEtINK9r48LUUMeU=",
        "owner": "oxalica",
        "repo": "rust-overlay",
        "rev": "a229311fcb45b88a95fdfa5cecd8349c809a272a",
        "type": "github"
      },
      "original": {
        "owner": "oxalica",
        "repo": "rust-overlay",
        "type": "github"
      }
    },
    "rust-wasi-tutorial": {
      "inputs": {
        "bluenix": [
          "bluenix"
        ],
        "flake-utils": [
          "bluenix",
          "flake-utils"
        ],
        "nixpkgs": [
          "bluenix",
          "nixpkgs"
        ],
        "rust-overlay": [
          "bluenix",
          "rust-overlay"
        ]
      },
      "locked": {
        "lastModified": 1698482696,
        "narHash": "sha256-wndaNfU2l+5GOewQ7oXVdlw+httHyhvnFvz9ru40uxE=",
        "ref": "refs/heads/master",
        "rev": "10365f05709c2ff3b35930fa0439a204ead90f4d",
        "revCount": 19,
        "type": "git",
        "url": "http://mathijs@git.lan/rust-wasi-tutorial"
      },
      "original": {
        "type": "git",
        "url": "http://mathijs@git.lan/rust-wasi-tutorial"
      }
    },
    "shelly-playground": {
      "inputs": {
        "bluenix": [
          "bluenix"
        ],
        "flake-utils": [
          "bluenix",
          "flake-utils"
        ],
        "nixpkgs": [
          "bluenix",
          "nixpkgs"
        ]
      },
      "locked": {
        "lastModified": 1711606221,
        "narHash": "sha256-oxTpo7Bt3dfkIsgoB+glq2cKKCWdhNpOaec+8T5xRwc=",
        "ref": "refs/heads/master",
        "rev": "4046d1820a5d51a49e9f298ce5a2ede549c866ae",
        "revCount": 11,
        "type": "git",
        "url": "http://mathijs@git.lan/shelly-playground"
      },
      "original": {
        "type": "git",
        "url": "http://mathijs@git.lan/shelly-playground"
      }
    },
    "singletons-playground": {
      "inputs": {
        "bluenix": [
          "bluenix"
        ],
        "flake-utils": [
          "bluenix",
          "flake-utils"
        ],
        "nixpkgs": [
          "bluenix",
          "nixpkgs"
        ]
      },
      "locked": {
        "lastModified": 1698516767,
        "narHash": "sha256-AjVzy779hn1czt4Ey7jkdgFIaIiVND7f+icYUgfLLTA=",
        "ref": "refs/heads/master",
        "rev": "a1fbc2110da38d7a5e3a2691aa7bfc3403c9a908",
        "revCount": 17,
        "type": "git",
        "url": "http://mathijs@git.lan/singletons-playground"
      },
      "original": {
        "type": "git",
        "url": "http://mathijs@git.lan/singletons-playground"
      }
    },
    "systems": {
      "locked": {
        "lastModified": 1681028828,
        "narHash": "sha256-Vy1rq5AaRuLzOxct8nz4T6wlgyUR7zLU309k9mBC768=",
        "owner": "nix-systems",
        "repo": "default",
        "rev": "da67096a3b9bf56a91d16901293e51ba5b49a27e",
        "type": "github"
      },
      "original": {
        "owner": "nix-systems",
        "repo": "default",
        "type": "github"
      }
    },
    "thinking-with-types": {
      "inputs": {
        "bluenix": [
          "bluenix"
        ],
        "flake-utils": [
          "bluenix",
          "flake-utils"
        ],
        "nixpkgs": [
          "bluenix",
          "nixpkgs"
        ]
      },
      "locked": {
        "lastModified": 1725710251,
        "narHash": "sha256-u9ZUI4wgPHKK1MSGsU6w+9e2cJZRoE4IiO/fx6yU5Zk=",
        "ref": "refs/heads/master",
        "rev": "770c834034d9476f114102a1a3c167a0c1001425",
        "revCount": 47,
        "type": "git",
        "url": "http://mathijs@git.lan/thinking-with-types"
      },
      "original": {
        "type": "git",
        "url": "http://mathijs@git.lan/thinking-with-types"
      }
    }
  },
  "root": "root",
  "version": 7
}
