{
  "nodes": {
    "bluenix": {
      "inputs": {
        "flake-utils": [
          "flake-utils"
        ],
        "nixpkgs": [
          "nixpkgs"
        ],
        "rust-overlay": "rust-overlay"
      },
      "locked": {
        "lastModified": 1677227378,
        "narHash": "sha256-C9SM7NbJ3rpxNdX/jBiaiwRwi7F4C9YUa4/j8osXXv0=",
        "ref": "refs/heads/master",
        "rev": "7378de02736d402c9a76caca644ab72fb6fb725b",
        "revCount": 439,
        "type": "git",
        "url": "http://mathijs@git.lan/bluenix"
      },
      "original": {
        "type": "git",
        "url": "http://mathijs@git.lan/bluenix"
      }
    },
    "flake-utils": {
      "locked": {
        "lastModified": 1676283394,
        "narHash": "sha256-XX2f9c3iySLCw54rJ/CZs+ZK6IQy7GXNY4nSOyu2QG4=",
        "owner": "numtide",
        "repo": "flake-utils",
        "rev": "3db36a8b464d0c4532ba1c7dda728f4576d6d073",
        "type": "github"
      },
      "original": {
        "owner": "numtide",
        "repo": "flake-utils",
        "type": "github"
      }
    },
    "nixpkgs": {
      "locked": {
        "lastModified": 1677063315,
        "narHash": "sha256-qiB4ajTeAOVnVSAwCNEEkoybrAlA+cpeiBxLobHndE8=",
        "owner": "NixOS",
        "repo": "nixpkgs",
        "rev": "988cc958c57ce4350ec248d2d53087777f9e1949",
        "type": "github"
      },
      "original": {
        "owner": "NixOS",
        "ref": "nixos-unstable",
        "repo": "nixpkgs",
        "type": "github"
      }
    },
    "root": {
      "inputs": {
        "bluenix": "bluenix",
        "flake-utils": "flake-utils",
        "nixpkgs": "nixpkgs"
      }
    },
    "rust-overlay": {
      "inputs": {
        "flake-utils": [
          "bluenix",
          "flake-utils"
        ],
        "nixpkgs": [
          "bluenix",
          "nixpkgs"
        ]
      },
      "locked": {
        "lastModified": 1677205778,
        "narHash": "sha256-DFe09uzS+8LjGBAAyHkB/5Axs0j/PQ8RLWFzm2FUZLA=",
        "owner": "oxalica",
        "repo": "rust-overlay",
        "rev": "b91706f9d5a68fecf97b63753da8e9670dff782b",
        "type": "github"
      },
      "original": {
        "owner": "oxalica",
        "repo": "rust-overlay",
        "type": "github"
      }
    }
  },
  "root": "root",
  "version": 7
}
